Microsoft Visual Studio Solution File, Format Version 12.00
# Visual Studio 2012
Project("{FAE04EC0-301F-11D3-BF4B-00C04F79EFBC}") = "Space Invaders", "Space Invaders.csproj", "{FD928170-69EF-40E9-A20B-47752C0D4311}"
EndProject
Global
	GlobalSection(SolutionConfigurationPlatforms) = preSolution
	Debug|Any CPU = Debug|Any CPU
	Release|Any CPU = Release|Any CPU
	Tools|Any CPU = Tools|Any CPU
	EndGlobalSection
	GlobalSection(ProjectConfigurationPlatforms) = postSolution
		{FD928170-69EF-40E9-A20B-47752C0D4311}.Debug|Any CPU.ActiveCfg = Debug|Any CPU
		{FD928170-69EF-40E9-A20B-47752C0D4311}.Debug|Any CPU.Build.0 = Debug|Any CPU
		{FD928170-69EF-40E9-A20B-47752C0D4311}.Release|Any CPU.ActiveCfg = Release|Any CPU
		{FD928170-69EF-40E9-A20B-47752C0D4311}.Release|Any CPU.Build.0 = Release|Any CPU
		{FD928170-69EF-40E9-A20B-47752C0D4311}.Tools|Any CPU.ActiveCfg = Tools|Any CPU
		{FD928170-69EF-40E9-A20B-47752C0D4311}.Tools|Any CPU.Build.0 = Tools|Any CPU
	EndGlobalSection
EndGlobal
